PODS:
  - Alamofire (5.8.1)
  - CwlCatchException (2.1.2):
    - CwlCatchExceptionSupport (~> 2.1.2)
  - CwlCatchExceptionSupport (2.1.2)
  - CwlMachBadInstructionHandler (2.1.2)
  - CwlPosixPreconditionTesting (2.1.2)
  - CwlPreconditionTesting (2.1.2):
    - CwlCatchException (~> 2.1.2)
    - CwlMachBadInstructionHandler (~> 2.1.2)
    - CwlPosixPreconditionTesting (~> 2.1.2)
  - Moya/Combine (15.0.0):
    - Moya/Core
  - Moya/Core (15.0.0):
    - Alamofire (~> 5.0)
  - Nimble (13.1.2):
    - CwlPreconditionTesting (~> 2.1.0)
  - Quick (7.3.1)
  - ReachabilitySwift (5.0.0)
  - SDWebImage (5.18.10):
    - SDWebImage/Core (= 5.18.10)
  - SDWebImage/Core (5.18.10)

DEPENDENCIES:
  - Moya/Combine (~> 15.0)
  - Nimble
  - Quick
  - ReachabilitySwift
  - SDWebImage

SPEC REPOS:
  trunk:
    - Alamofire
    - CwlCatchException
    - CwlCatchExceptionSupport
    - CwlMachBadInstructionHandler
    - CwlPosixPreconditionTesting
    - CwlPreconditionTesting
    - Moya
    - Nimble
    - Quick
    - ReachabilitySwift
    - SDWebImage

SPEC CHECKSUMS:
  Alamofire: 3ca42e259043ee0dc5c0cdd76c4bc568b8e42af7
  CwlCatchException: 76542d5ea479c79ce16ddd6e7bc9d42c7ec63300
  CwlCatchExceptionSupport: 42bf8c5e4e5e663f51100ddfa68caf7cfcf64ab6
  CwlMachBadInstructionHandler: b982c7e3e44fcfa1c680e8046f6bba35f3476d65
  CwlPosixPreconditionTesting: 4011f0660c0be460b088d10bcfdf351c7e036ac4
  CwlPreconditionTesting: 23ed728f2acc2d774fb59101123c943ce0119107
  Moya: 138f0573e53411fb3dc17016add0b748dfbd78ee
  Nimble: d733c860d832b324e9779034f12398993c536e7b
  Quick: 83e25bf349dd84f894b024f48033274512d6129b
  ReachabilitySwift: 985039c6f7b23a1da463388634119492ff86c825
  SDWebImage: fc8f2d48bbfd72ef39d70e981bd24a3f3be53fec

PODFILE CHECKSUM: a05bfb4d1fa24fce4e70fadde2c80d18fb1599cf

COCOAPODS: 1.8.4
